
Microsoft Visual Studio Solution File, Format Version 12.00
# Visual Studio Version 17
VisualStudioVersion = 17.8.34408.163
MinimumVisualStudioVersion = 10.0.40219.1
Project("{8BC9CEB8-8B4A-11D0-8D11-00A0C91BC942}") = "zad3", "zad3.vcxproj", "{F3D13A3C-C624-43B3-80BE-A43308F707F5}"
EndProject
Global
	GlobalSection(SolutionConfigurationPlatforms) = preSolution
		Debug|x64 = Debug|x64
		Debug|x86 = Debug|x86
		Release|x64 = Release|x64
		Release|x86 = Release|x86
	EndGlobalSection
	GlobalSection(ProjectConfigurationPlatforms) = postSolution
		{F3D13A3C-C624-43B3-80BE-A43308F707F5}.Debug|x64.ActiveCfg = Debug|x64
		{F3D13A3C-C624-43B3-80BE-A43308F707F5}.Debug|x64.Build.0 = Debug|x64
		{F3D13A3C-C624-43B3-80BE-A43308F707F5}.Debug|x86.ActiveCfg = Debug|Win32
		{F3D13A3C-C624-43B3-80BE-A43308F707F5}.Debug|x86.Build.0 = Debug|Win32
		{F3D13A3C-C624-43B3-80BE-A43308F707F5}.Release|x64.ActiveCfg = Release|x64
		{F3D13A3C-C624-43B3-80BE-A43308F707F5}.Release|x64.Build.0 = Release|x64
		{F3D13A3C-C624-43B3-80BE-A43308F707F5}.Release|x86.ActiveCfg = Release|Win32
		{F3D13A3C-C624-43B3-80BE-A43308F707F5}.Release|x86.Build.0 = Release|Win32
	EndGlobalSection
	GlobalSection(SolutionProperties) = preSolution
		HideSolutionNode = FALSE
	EndGlobalSection
	GlobalSection(ExtensibilityGlobals) = postSolution
		SolutionGuid = {306BE5C0-DC08-4B59-AEAB-6958EE006232}
	EndGlobalSection
EndGlobal
